{
  "name": "react-pwa",
  "version": "1.0.0",
  "lockfileVersion": 1,
  "requires": true,
  "dependencies": {
    "dot-editorconfig": {
      "version": "1.1.1",
      "resolved": "https://registry.npmjs.org/dot-editorconfig/-/dot-editorconfig-1.1.1.tgz",
      "integrity": "sha512-7AgoSCOWTC7WEG8vihnaVs+0qxAheaB0GIZ9R33pKnhXdlOYhZ/CfeTeBO7YZTlGtxWAZafhdiUJrdvNPcILTw==",
      "dev": true
    }
  }
}
